
Microsoft Visual Studio Solution File, Format Version 12.00
# Visual Studio Version 17
VisualStudioVersion = 17.4.33122.133
MinimumVisualStudioVersion = 10.0.40219.1
Project("{FAE04EC0-301F-11D3-BF4B-00C04F79EFBC}") = "layoutTask", "layoutTask\layoutTask.csproj", "{D58EDE4D-2862-4630-9204-CFB483526C28}"
EndProject
Global
	GlobalSection(SolutionConfigurationPlatforms) = preSolution
		Debug|Any CPU = Debug|Any CPU
		Release|Any CPU = Release|Any CPU
	EndGlobalSection
	GlobalSection(ProjectConfigurationPlatforms) = postSolution
		{D58EDE4D-2862-4630-9204-CFB483526C28}.Debug|Any CPU.ActiveCfg = Debug|Any CPU
		{D58EDE4D-2862-4630-9204-CFB483526C28}.Debug|Any CPU.Build.0 = Debug|Any CPU
		{D58EDE4D-2862-4630-9204-CFB483526C28}.Release|Any CPU.ActiveCfg = Release|Any CPU
		{D58EDE4D-2862-4630-9204-CFB483526C28}.Release|Any CPU.Build.0 = Release|Any CPU
	EndGlobalSection
	GlobalSection(SolutionProperties) = preSolution
		HideSolutionNode = FALSE
	EndGlobalSection
	GlobalSection(ExtensibilityGlobals) = postSolution
		SolutionGuid = {BA47435C-8064-4352-BE63-602B6A82478C}
	EndGlobalSection
EndGlobal
