
Microsoft Visual Studio Solution File, Format Version 12.00
# Visual Studio Version 17
VisualStudioVersion = 17.4.33122.133
MinimumVisualStudioVersion = 10.0.40219.1
Project("{FAE04EC0-301F-11D3-BF4B-00C04F79EFBC}") = "31-Jan", "31-Jan\31-Jan.csproj", "{99D3C24E-6B8F-4B29-AFE0-EF92ABA72BD6}"
EndProject
Global
	GlobalSection(SolutionConfigurationPlatforms) = preSolution
		Debug|Any CPU = Debug|Any CPU
		Release|Any CPU = Release|Any CPU
	EndGlobalSection
	GlobalSection(ProjectConfigurationPlatforms) = postSolution
		{99D3C24E-6B8F-4B29-AFE0-EF92ABA72BD6}.Debug|Any CPU.ActiveCfg = Debug|Any CPU
		{99D3C24E-6B8F-4B29-AFE0-EF92ABA72BD6}.Debug|Any CPU.Build.0 = Debug|Any CPU
		{99D3C24E-6B8F-4B29-AFE0-EF92ABA72BD6}.Release|Any CPU.ActiveCfg = Release|Any CPU
		{99D3C24E-6B8F-4B29-AFE0-EF92ABA72BD6}.Release|Any CPU.Build.0 = Release|Any CPU
	EndGlobalSection
	GlobalSection(SolutionProperties) = preSolution
		HideSolutionNode = FALSE
	EndGlobalSection
	GlobalSection(ExtensibilityGlobals) = postSolution
		SolutionGuid = {4559BFF6-64B9-4D0B-BD52-28CFEF7BD7C6}
	EndGlobalSection
EndGlobal
