
Microsoft Visual Studio Solution File, Format Version 12.00
# Visual Studio Version 17
VisualStudioVersion = 17.4.33122.133
MinimumVisualStudioVersion = 10.0.40219.1
Project("{FAE04EC0-301F-11D3-BF4B-00C04F79EFBC}") = "ApiTask", "ApiTask\ApiTask.csproj", "{3F0746EC-6864-4BA2-B433-AD28281E823B}"
EndProject
Global
	GlobalSection(SolutionConfigurationPlatforms) = preSolution
		Debug|Any CPU = Debug|Any CPU
		Release|Any CPU = Release|Any CPU
	EndGlobalSection
	GlobalSection(ProjectConfigurationPlatforms) = postSolution
		{3F0746EC-6864-4BA2-B433-AD28281E823B}.Debug|Any CPU.ActiveCfg = Debug|Any CPU
		{3F0746EC-6864-4BA2-B433-AD28281E823B}.Debug|Any CPU.Build.0 = Debug|Any CPU
		{3F0746EC-6864-4BA2-B433-AD28281E823B}.Release|Any CPU.ActiveCfg = Release|Any CPU
		{3F0746EC-6864-4BA2-B433-AD28281E823B}.Release|Any CPU.Build.0 = Release|Any CPU
	EndGlobalSection
	GlobalSection(SolutionProperties) = preSolution
		HideSolutionNode = FALSE
	EndGlobalSection
	GlobalSection(ExtensibilityGlobals) = postSolution
		SolutionGuid = {14053C64-837E-4D1D-A24F-DC301440A716}
	EndGlobalSection
EndGlobal
