
Microsoft Visual Studio Solution File, Format Version 12.00
# Visual Studio Version 17
VisualStudioVersion = 17.4.33122.133
MinimumVisualStudioVersion = 10.0.40219.1
Project("{FAE04EC0-301F-11D3-BF4B-00C04F79EFBC}") = "1-Feb", "1-Feb\1-Feb.csproj", "{8C12DB95-1CDA-471F-952C-C6DE73531F96}"
EndProject
Global
	GlobalSection(SolutionConfigurationPlatforms) = preSolution
		Debug|Any CPU = Debug|Any CPU
		Release|Any CPU = Release|Any CPU
	EndGlobalSection
	GlobalSection(ProjectConfigurationPlatforms) = postSolution
		{8C12DB95-1CDA-471F-952C-C6DE73531F96}.Debug|Any CPU.ActiveCfg = Debug|Any CPU
		{8C12DB95-1CDA-471F-952C-C6DE73531F96}.Debug|Any CPU.Build.0 = Debug|Any CPU
		{8C12DB95-1CDA-471F-952C-C6DE73531F96}.Release|Any CPU.ActiveCfg = Release|Any CPU
		{8C12DB95-1CDA-471F-952C-C6DE73531F96}.Release|Any CPU.Build.0 = Release|Any CPU
	EndGlobalSection
	GlobalSection(SolutionProperties) = preSolution
		HideSolutionNode = FALSE
	EndGlobalSection
	GlobalSection(ExtensibilityGlobals) = postSolution
		SolutionGuid = {4F54C5B0-05FD-4D65-B0C9-508BAD566ED2}
	EndGlobalSection
EndGlobal
