
Microsoft Visual Studio Solution File, Format Version 12.00
# Visual Studio Version 17
VisualStudioVersion = 17.4.33122.133
MinimumVisualStudioVersion = 10.0.40219.1
Project("{FAE04EC0-301F-11D3-BF4B-00C04F79EFBC}") = "8-Feb", "8-Feb\8-Feb.csproj", "{9DE8166A-60C4-440C-A665-9DB5BD6FFA16}"
EndProject
Global
	GlobalSection(SolutionConfigurationPlatforms) = preSolution
		Debug|Any CPU = Debug|Any CPU
		Release|Any CPU = Release|Any CPU
	EndGlobalSection
	GlobalSection(ProjectConfigurationPlatforms) = postSolution
		{9DE8166A-60C4-440C-A665-9DB5BD6FFA16}.Debug|Any CPU.ActiveCfg = Debug|Any CPU
		{9DE8166A-60C4-440C-A665-9DB5BD6FFA16}.Debug|Any CPU.Build.0 = Debug|Any CPU
		{9DE8166A-60C4-440C-A665-9DB5BD6FFA16}.Release|Any CPU.ActiveCfg = Release|Any CPU
		{9DE8166A-60C4-440C-A665-9DB5BD6FFA16}.Release|Any CPU.Build.0 = Release|Any CPU
	EndGlobalSection
	GlobalSection(SolutionProperties) = preSolution
		HideSolutionNode = FALSE
	EndGlobalSection
	GlobalSection(ExtensibilityGlobals) = postSolution
		SolutionGuid = {C93DE5B8-FBAD-4FB5-AC67-EDF6CCD9AD32}
	EndGlobalSection
EndGlobal
